// !$*UTF8*$!
{
	archiveVersion = 1;
	classes = {
	};
	objectVersion = 56;
	objects = {

/* Begin PBXBuildFile section */
		7543E2A22A062A760034C14C /* AfricaApp.swift in Sources */ = {isa = PBXBuildFile; fileRef = 7543E2A12A062A760034C14C /* AfricaApp.swift */; };
		7543E2A42A062A760034C14C /* ContentView.swift in Sources */ = {isa = PBXBuildFile; fileRef = 7543E2A32A062A760034C14C /* ContentView.swift */; };
		7543E2A62A062A780034C14C /* Assets.xcassets in Resources */ = {isa = PBXBuildFile; fileRef = 7543E2A52A062A780034C14C /* Assets.xcassets */; };
		7543E2A92A062A780034C14C /* Preview Assets.xcassets in Resources */ = {isa = PBXBuildFile; fileRef = 7543E2A82A062A780034C14C /* Preview Assets.xcassets */; };
		7543E2BF2A062E2B0034C14C /* locations.json in Resources */ = {isa = PBXBuildFile; fileRef = 7543E2BB2A062E2B0034C14C /* locations.json */; };
		7543E2C02A062E2B0034C14C /* videos.json in Resources */ = {isa = PBXBuildFile; fileRef = 7543E2BC2A062E2B0034C14C /* videos.json */; };
		7543E2C12A062E2B0034C14C /* animals.json in Resources */ = {isa = PBXBuildFile; fileRef = 7543E2BD2A062E2B0034C14C /* animals.json */; };
		7543E2C22A062E2B0034C14C /* covers.json in Resources */ = {isa = PBXBuildFile; fileRef = 7543E2BE2A062E2B0034C14C /* covers.json */; };
		7543E2C62A0630820034C14C /* VideoListView.swift in Sources */ = {isa = PBXBuildFile; fileRef = 7543E2C52A0630820034C14C /* VideoListView.swift */; };
		7543E2C82A06308B0034C14C /* MapView.swift in Sources */ = {isa = PBXBuildFile; fileRef = 7543E2C72A06308B0034C14C /* MapView.swift */; };
		7543E2CA2A06309D0034C14C /* GallaryView.swift in Sources */ = {isa = PBXBuildFile; fileRef = 7543E2C92A06309D0034C14C /* GallaryView.swift */; };
		7543E2CC2A0630A60034C14C /* MainView.swift in Sources */ = {isa = PBXBuildFile; fileRef = 7543E2CB2A0630A60034C14C /* MainView.swift */; };
		7543E2CF2A0633EC0034C14C /* CoverImageView.swift in Sources */ = {isa = PBXBuildFile; fileRef = 7543E2CE2A0633EC0034C14C /* CoverImageView.swift */; };
		7543E2D22A0636790034C14C /* CoverImageModel.swift in Sources */ = {isa = PBXBuildFile; fileRef = 7543E2D12A0636790034C14C /* CoverImageModel.swift */; };
		7543E2D52A06382D0034C14C /* CodableBundleExtension.swift in Sources */ = {isa = PBXBuildFile; fileRef = 7543E2D42A06382D0034C14C /* CodableBundleExtension.swift */; };
		7543E2D72A063C8F0034C14C /* AnimalListItemView.swift in Sources */ = {isa = PBXBuildFile; fileRef = 7543E2D62A063C8F0034C14C /* AnimalListItemView.swift */; };
		7543E2D92A063DEE0034C14C /* AnimalModel.swift in Sources */ = {isa = PBXBuildFile; fileRef = 7543E2D82A063DEE0034C14C /* AnimalModel.swift */; };
/* End PBXBuildFile section */

/* Begin PBXFileReference section */
		7543E29E2A062A760034C14C /* Africa.app */ = {isa = PBXFileReference; explicitFileType = wrapper.application; includeInIndex = 0; path = Africa.app; sourceTree = BUILT_PRODUCTS_DIR; };
		7543E2A12A062A760034C14C /* AfricaApp.swift */ = {isa = PBXFileReference; lastKnownFileType = sourcecode.swift; path = AfricaApp.swift; sourceTree = "<group>"; };
		7543E2A32A062A760034C14C /* ContentView.swift */ = {isa = PBXFileReference; lastKnownFileType = sourcecode.swift; path = ContentView.swift; sourceTree = "<group>"; };
		7543E2A52A062A780034C14C /* Assets.xcassets */ = {isa = PBXFileReference; lastKnownFileType = folder.assetcatalog; path = Assets.xcassets; sourceTree = "<group>"; };
		7543E2A82A062A780034C14C /* Preview Assets.xcassets */ = {isa = PBXFileReference; lastKnownFileType = folder.assetcatalog; path = "Preview Assets.xcassets"; sourceTree = "<group>"; };
		7543E2B02A062DE50034C14C /* elephant.mp4 */ = {isa = PBXFileReference; lastKnownFileType = file; path = elephant.mp4; sourceTree = "<group>"; };
		7543E2B12A062DE50034C14C /* hippo.mp4 */ = {isa = PBXFileReference; lastKnownFileType = file; path = hippo.mp4; sourceTree = "<group>"; };
		7543E2B22A062DE50034C14C /* giraffe.mp4 */ = {isa = PBXFileReference; lastKnownFileType = file; path = giraffe.mp4; sourceTree = "<group>"; };
		7543E2B32A062DE60034C14C /* gorilla.mp4 */ = {isa = PBXFileReference; lastKnownFileType = file; path = gorilla.mp4; sourceTree = "<group>"; };
		7543E2B42A062DE60034C14C /* lioness.mp4 */ = {isa = PBXFileReference; lastKnownFileType = file; path = lioness.mp4; sourceTree = "<group>"; };
		7543E2B52A062DE60034C14C /* ostrich.mp4 */ = {isa = PBXFileReference; lastKnownFileType = file; path = ostrich.mp4; sourceTree = "<group>"; };
		7543E2B62A062DE70034C14C /* lion.mp4 */ = {isa = PBXFileReference; lastKnownFileType = file; path = lion.mp4; sourceTree = "<group>"; };
		7543E2B72A062DE70034C14C /* zebra.mp4 */ = {isa = PBXFileReference; lastKnownFileType = file; path = zebra.mp4; sourceTree = "<group>"; };
		7543E2B82A062DE70034C14C /* cheetah.mp4 */ = {isa = PBXFileReference; lastKnownFileType = file; path = cheetah.mp4; sourceTree = "<group>"; };
		7543E2B92A062DE80034C14C /* rhino.mp4 */ = {isa = PBXFileReference; lastKnownFileType = file; path = rhino.mp4; sourceTree = "<group>"; };
		7543E2BB2A062E2B0034C14C /* locations.json */ = {isa = PBXFileReference; fileEncoding = 4; lastKnownFileType = text.json; path = locations.json; sourceTree = "<group>"; };
		7543E2BC2A062E2B0034C14C /* videos.json */ = {isa = PBXFileReference; fileEncoding = 4; lastKnownFileType = text.json; path = videos.json; sourceTree = "<group>"; };
		7543E2BD2A062E2B0034C14C /* animals.json */ = {isa = PBXFileReference; fileEncoding = 4; lastKnownFileType = text.json; path = animals.json; sourceTree = "<group>"; };
		7543E2BE2A062E2B0034C14C /* covers.json */ = {isa = PBXFileReference; fileEncoding = 4; lastKnownFileType = text.json; path = covers.json; sourceTree = "<group>"; };
		7543E2C32A062F6F0034C14C /* Info.plist */ = {isa = PBXFileReference; lastKnownFileType = text.plist; path = Info.plist; sourceTree = "<group>"; };
		7543E2C52A0630820034C14C /* VideoListView.swift */ = {isa = PBXFileReference; lastKnownFileType = sourcecode.swift; path = VideoListView.swift; sourceTree = "<group>"; };
		7543E2C72A06308B0034C14C /* MapView.swift */ = {isa = PBXFileReference; lastKnownFileType = sourcecode.swift; path = MapView.swift; sourceTree = "<group>"; };
		7543E2C92A06309D0034C14C /* GallaryView.swift */ = {isa = PBXFileReference; lastKnownFileType = sourcecode.swift; path = GallaryView.swift; sourceTree = "<group>"; };
		7543E2CB2A0630A60034C14C /* MainView.swift */ = {isa = PBXFileReference; lastKnownFileType = sourcecode.swift; path = MainView.swift; sourceTree = "<group>"; };
		7543E2CE2A0633EC0034C14C /* CoverImageView.swift */ = {isa = PBXFileReference; lastKnownFileType = sourcecode.swift; path = CoverImageView.swift; sourceTree = "<group>"; };
		7543E2D12A0636790034C14C /* CoverImageModel.swift */ = {isa = PBXFileReference; lastKnownFileType = sourcecode.swift; path = CoverImageModel.swift; sourceTree = "<group>"; };
		7543E2D42A06382D0034C14C /* CodableBundleExtension.swift */ = {isa = PBXFileReference; lastKnownFileType = sourcecode.swift; path = CodableBundleExtension.swift; sourceTree = "<group>"; };
		7543E2D62A063C8F0034C14C /* AnimalListItemView.swift */ = {isa = PBXFileReference; lastKnownFileType = sourcecode.swift; path = AnimalListItemView.swift; sourceTree = "<group>"; };
		7543E2D82A063DEE0034C14C /* AnimalModel.swift */ = {isa = PBXFileReference; lastKnownFileType = sourcecode.swift; path = AnimalModel.swift; sourceTree = "<group>"; };
/* End PBXFileReference section */

/* Begin PBXFrameworksBuildPhase section */
		7543E29B2A062A760034C14C /* Frameworks */ = {
			isa = PBXFrameworksBuildPhase;
			buildActionMask = 2147483647;
			files = (
			);
			runOnlyForDeploymentPostprocessing = 0;
		};
/* End PBXFrameworksBuildPhase section */

/* Begin PBXGroup section */
		7543E2952A062A760034C14C = {
			isa = PBXGroup;
			children = (
				7543E2A02A062A760034C14C /* Africa */,
				7543E29F2A062A760034C14C /* Products */,
			);
			sourceTree = "<group>";
		};
		7543E29F2A062A760034C14C /* Products */ = {
			isa = PBXGroup;
			children = (
				7543E29E2A062A760034C14C /* Africa.app */,
			);
			name = Products;
			sourceTree = "<group>";
		};
		7543E2A02A062A760034C14C /* Africa */ = {
			isa = PBXGroup;
			children = (
				7543E2D32A0638150034C14C /* Extension */,
				7543E2C42A06303B0034C14C /* App */,
				7543E2D02A0636640034C14C /* Model */,
				7543E2CD2A0633CA0034C14C /* View */,
				7543E2BA2A062E140034C14C /* Data */,
				7543E2AF2A062DC70034C14C /* Video */,
				7543E2C32A062F6F0034C14C /* Info.plist */,
				7543E2A52A062A780034C14C /* Assets.xcassets */,
				7543E2A72A062A780034C14C /* Preview Content */,
			);
			path = Africa;
			sourceTree = "<group>";
		};
		7543E2A72A062A780034C14C /* Preview Content */ = {
			isa = PBXGroup;
			children = (
				7543E2A82A062A780034C14C /* Preview Assets.xcassets */,
			);
			path = "Preview Content";
			sourceTree = "<group>";
		};
		7543E2AF2A062DC70034C14C /* Video */ = {
			isa = PBXGroup;
			children = (
				7543E2B82A062DE70034C14C /* cheetah.mp4 */,
				7543E2B02A062DE50034C14C /* elephant.mp4 */,
				7543E2B22A062DE50034C14C /* giraffe.mp4 */,
				7543E2B32A062DE60034C14C /* gorilla.mp4 */,
				7543E2B12A062DE50034C14C /* hippo.mp4 */,
				7543E2B62A062DE70034C14C /* lion.mp4 */,
				7543E2B42A062DE60034C14C /* lioness.mp4 */,
				7543E2B52A062DE60034C14C /* ostrich.mp4 */,
				7543E2B92A062DE80034C14C /* rhino.mp4 */,
				7543E2B72A062DE70034C14C /* zebra.mp4 */,
			);
			path = Video;
			sourceTree = "<group>";
		};
		7543E2BA2A062E140034C14C /* Data */ = {
			isa = PBXGroup;
			children = (
				7543E2BD2A062E2B0034C14C /* animals.json */,
				7543E2BE2A062E2B0034C14C /* covers.json */,
				7543E2BB2A062E2B0034C14C /* locations.json */,
				7543E2BC2A062E2B0034C14C /* videos.json */,
			);
			path = Data;
			sourceTree = "<group>";
		};
		7543E2C42A06303B0034C14C /* App */ = {
			isa = PBXGroup;
			children = (
				7543E2A12A062A760034C14C /* AfricaApp.swift */,
				7543E2A32A062A760034C14C /* ContentView.swift */,
				7543E2C52A0630820034C14C /* VideoListView.swift */,
				7543E2C72A06308B0034C14C /* MapView.swift */,
				7543E2C92A06309D0034C14C /* GallaryView.swift */,
				7543E2CB2A0630A60034C14C /* MainView.swift */,
			);
			path = App;
			sourceTree = "<group>";
		};
		7543E2CD2A0633CA0034C14C /* View */ = {
			isa = PBXGroup;
			children = (
				7543E2CE2A0633EC0034C14C /* CoverImageView.swift */,
				7543E2D62A063C8F0034C14C /* AnimalListItemView.swift */,
			);
			path = View;
			sourceTree = "<group>";
		};
		7543E2D02A0636640034C14C /* Model */ = {
			isa = PBXGroup;
			children = (
				7543E2D12A0636790034C14C /* CoverImageModel.swift */,
				7543E2D82A063DEE0034C14C /* AnimalModel.swift */,
			);
			path = Model;
			sourceTree = "<group>";
		};
		7543E2D32A0638150034C14C /* Extension */ = {
			isa = PBXGroup;
			children = (
				7543E2D42A06382D0034C14C /* CodableBundleExtension.swift */,
			);
			path = Extension;
			sourceTree = "<group>";
		};
/* End PBXGroup section */

/* Begin PBXNativeTarget section */
		7543E29D2A062A760034C14C /* Africa */ = {
			isa = PBXNativeTarget;
			buildConfigurationList = 7543E2AC2A062A780034C14C /* Build configuration list for PBXNativeTarget "Africa" */;
			buildPhases = (
				7543E29A2A062A760034C14C /* Sources */,
				7543E29B2A062A760034C14C /* Frameworks */,
				7543E29C2A062A760034C14C /* Resources */,
			);
			buildRules = (
			);
			dependencies = (
			);
			name = Africa;
			productName = Africa;
			productReference = 7543E29E2A062A760034C14C /* Africa.app */;
			productType = "com.apple.product-type.application";
		};
/* End PBXNativeTarget section */

/* Begin PBXProject section */
		7543E2962A062A760034C14C /* Project object */ = {
			isa = PBXProject;
			attributes = {
				BuildIndependentTargetsInParallel = 1;
				LastSwiftUpdateCheck = 1420;
				LastUpgradeCheck = 1420;
				TargetAttributes = {
					7543E29D2A062A760034C14C = {
						CreatedOnToolsVersion = 14.2;
					};
				};
			};
			buildConfigurationList = 7543E2992A062A760034C14C /* Build configuration list for PBXProject "Africa" */;
			compatibilityVersion = "Xcode 14.0";
			developmentRegion = en;
			hasScannedForEncodings = 0;
			knownRegions = (
				en,
				Base,
			);
			mainGroup = 7543E2952A062A760034C14C;
			productRefGroup = 7543E29F2A062A760034C14C /* Products */;
			projectDirPath = "";
			projectRoot = "";
			targets = (
				7543E29D2A062A760034C14C /* Africa */,
			);
		};
/* End PBXProject section */

/* Begin PBXResourcesBuildPhase section */
		7543E29C2A062A760034C14C /* Resources */ = {
			isa = PBXResourcesBuildPhase;
			buildActionMask = 2147483647;
			files = (
				7543E2C12A062E2B0034C14C /* animals.json in Resources */,
				7543E2C22A062E2B0034C14C /* covers.json in Resources */,
				7543E2A92A062A780034C14C /* Preview Assets.xcassets in Resources */,
				7543E2C02A062E2B0034C14C /* videos.json in Resources */,
				7543E2BF2A062E2B0034C14C /* locations.json in Resources */,
				7543E2A62A062A780034C14C /* Assets.xcassets in Resources */,
			);
			runOnlyForDeploymentPostprocessing = 0;
		};
/* End PBXResourcesBuildPhase section */

/* Begin PBXSourcesBuildPhase section */
		7543E29A2A062A760034C14C /* Sources */ = {
			isa = PBXSourcesBuildPhase;
			buildActionMask = 2147483647;
			files = (
				7543E2A42A062A760034C14C /* ContentView.swift in Sources */,
				7543E2D72A063C8F0034C14C /* AnimalListItemView.swift in Sources */,
				7543E2CC2A0630A60034C14C /* MainView.swift in Sources */,
				7543E2CF2A0633EC0034C14C /* CoverImageView.swift in Sources */,
				7543E2D22A0636790034C14C /* CoverImageModel.swift in Sources */,
				7543E2D92A063DEE0034C14C /* AnimalModel.swift in Sources */,
				7543E2CA2A06309D0034C14C /* GallaryView.swift in Sources */,
				7543E2C82A06308B0034C14C /* MapView.swift in Sources */,
				7543E2A22A062A760034C14C /* AfricaApp.swift in Sources */,
				7543E2C62A0630820034C14C /* VideoListView.swift in Sources */,
				7543E2D52A06382D0034C14C /* CodableBundleExtension.swift in Sources */,
			);
			runOnlyForDeploymentPostprocessing = 0;
		};
/* End PBXSourcesBuildPhase section */

/* Begin XCBuildConfiguration section */
		7543E2AA2A062A780034C14C /* Debug */ = {
			isa = XCBuildConfiguration;
			buildSettings = {
				ALWAYS_SEARCH_USER_PATHS = NO;
				CLANG_ANALYZER_NONNULL = YES;
				CLANG_ANALYZER_NUMBER_OBJECT_CONVERSION = YES_AGGRESSIVE;
				CLANG_CXX_LANGUAGE_STANDARD = "gnu++20";
				CLANG_ENABLE_MODULES = YES;
				CLANG_ENABLE_OBJC_ARC = YES;
				CLANG_ENABLE_OBJC_WEAK = YES;
				CLANG_WARN_BLOCK_CAPTURE_AUTORELEASING = YES;
				CLANG_WARN_BOOL_CONVERSION = YES;
				CLANG_WARN_COMMA = YES;
				CLANG_WARN_CONSTANT_CONVERSION = YES;
				CLANG_WARN_DEPRECATED_OBJC_IMPLEMENTATIONS = YES;
				CLANG_WARN_DIRECT_OBJC_ISA_USAGE = YES_ERROR;
				CLANG_WARN_DOCUMENTATION_COMMENTS = YES;
				CLANG_WARN_EMPTY_BODY = YES;
				CLANG_WARN_ENUM_CONVERSION = YES;
				CLANG_WARN_INFINITE_RECURSION = YES;
				CLANG_WARN_INT_CONVERSION = YES;
				CLANG_WARN_NON_LITERAL_NULL_CONVERSION = YES;
				CLANG_WARN_OBJC_IMPLICIT_RETAIN_SELF = YES;
				CLANG_WARN_OBJC_LITERAL_CONVERSION = YES;
				CLANG_WARN_OBJC_ROOT_CLASS = YES_ERROR;
				CLANG_WARN_QUOTED_INCLUDE_IN_FRAMEWORK_HEADER = YES;
				CLANG_WARN_RANGE_LOOP_ANALYSIS = YES;
				CLANG_WARN_STRICT_PROTOTYPES = YES;
				CLANG_WARN_SUSPICIOUS_MOVE = YES;
				CLANG_WARN_UNGUARDED_AVAILABILITY = YES_AGGRESSIVE;
				CLANG_WARN_UNREACHABLE_CODE = YES;
				CLANG_WARN__DUPLICATE_METHOD_MATCH = YES;
				COPY_PHASE_STRIP = NO;
				DEBUG_INFORMATION_FORMAT = dwarf;
				ENABLE_STRICT_OBJC_MSGSEND = YES;
				ENABLE_TESTABILITY = YES;
				GCC_C_LANGUAGE_STANDARD = gnu11;
				GCC_DYNAMIC_NO_PIC = NO;
				GCC_NO_COMMON_BLOCKS = YES;
				GCC_OPTIMIZATION_LEVEL = 0;
				GCC_PREPROCESSOR_DEFINITIONS = (
					"DEBUG=1",
					"$(inherited)",
				);
				GCC_WARN_64_TO_32_BIT_CONVERSION = YES;
				GCC_WARN_ABOUT_RETURN_TYPE = YES_ERROR;
				GCC_WARN_UNDECLARED_SELECTOR = YES;
				GCC_WARN_UNINITIALIZED_AUTOS = YES_AGGRESSIVE;
				GCC_WARN_UNUSED_FUNCTION = YES;
				GCC_WARN_UNUSED_VARIABLE = YES;
				IPHONEOS_DEPLOYMENT_TARGET = 16.2;
				MTL_ENABLE_DEBUG_INFO = INCLUDE_SOURCE;
				MTL_FAST_MATH = YES;
				ONLY_ACTIVE_ARCH = YES;
				SDKROOT = iphoneos;
				SWIFT_ACTIVE_COMPILATION_CONDITIONS = DEBUG;
				SWIFT_OPTIMIZATION_LEVEL = "-Onone";
			};
			name = Debug;
		};
		7543E2AB2A062A780034C14C /* Release */ = {
			isa = XCBuildConfiguration;
			buildSettings = {
				ALWAYS_SEARCH_USER_PATHS = NO;
				CLANG_ANALYZER_NONNULL = YES;
				CLANG_ANALYZER_NUMBER_OBJECT_CONVERSION = YES_AGGRESSIVE;
				CLANG_CXX_LANGUAGE_STANDARD = "gnu++20";
				CLANG_ENABLE_MODULES = YES;
				CLANG_ENABLE_OBJC_ARC = YES;
				CLANG_ENABLE_OBJC_WEAK = YES;
				CLANG_WARN_BLOCK_CAPTURE_AUTORELEASING = YES;
				CLANG_WARN_BOOL_CONVERSION = YES;
				CLANG_WARN_COMMA = YES;
				CLANG_WARN_CONSTANT_CONVERSION = YES;
				CLANG_WARN_DEPRECATED_OBJC_IMPLEMENTATIONS = YES;
				CLANG_WARN_DIRECT_OBJC_ISA_USAGE = YES_ERROR;
				CLANG_WARN_DOCUMENTATION_COMMENTS = YES;
				CLANG_WARN_EMPTY_BODY = YES;
				CLANG_WARN_ENUM_CONVERSION = YES;
				CLANG_WARN_INFINITE_RECURSION = YES;
				CLANG_WARN_INT_CONVERSION = YES;
				CLANG_WARN_NON_LITERAL_NULL_CONVERSION = YES;
				CLANG_WARN_OBJC_IMPLICIT_RETAIN_SELF = YES;
				CLANG_WARN_OBJC_LITERAL_CONVERSION = YES;
				CLANG_WARN_OBJC_ROOT_CLASS = YES_ERROR;
				CLANG_WARN_QUOTED_INCLUDE_IN_FRAMEWORK_HEADER = YES;
				CLANG_WARN_RANGE_LOOP_ANALYSIS = YES;
				CLANG_WARN_STRICT_PROTOTYPES = YES;
				CLANG_WARN_SUSPICIOUS_MOVE = YES;
				CLANG_WARN_UNGUARDED_AVAILABILITY = YES_AGGRESSIVE;
				CLANG_WARN_UNREACHABLE_CODE = YES;
				CLANG_WARN__DUPLICATE_METHOD_MATCH = YES;
				COPY_PHASE_STRIP = NO;
				DEBUG_INFORMATION_FORMAT = "dwarf-with-dsym";
				ENABLE_NS_ASSERTIONS = NO;
				ENABLE_STRICT_OBJC_MSGSEND = YES;
				GCC_C_LANGUAGE_STANDARD = gnu11;
				GCC_NO_COMMON_BLOCKS = YES;
				GCC_WARN_64_TO_32_BIT_CONVERSION = YES;
				GCC_WARN_ABOUT_RETURN_TYPE = YES_ERROR;
				GCC_WARN_UNDECLARED_SELECTOR = YES;
				GCC_WARN_UNINITIALIZED_AUTOS = YES_AGGRESSIVE;
				GCC_WARN_UNUSED_FUNCTION = YES;
				GCC_WARN_UNUSED_VARIABLE = YES;
				IPHONEOS_DEPLOYMENT_TARGET = 16.2;
				MTL_ENABLE_DEBUG_INFO = NO;
				MTL_FAST_MATH = YES;
				SDKROOT = iphoneos;
				SWIFT_COMPILATION_MODE = wholemodule;
				SWIFT_OPTIMIZATION_LEVEL = "-O";
				VALIDATE_PRODUCT = YES;
			};
			name = Release;
		};
		7543E2AD2A062A780034C14C /* Debug */ = {
			isa = XCBuildConfiguration;
			buildSettings = {
				ASSETCATALOG_COMPILER_APPICON_NAME = AppIcon;
				ASSETCATALOG_COMPILER_GLOBAL_ACCENT_COLOR_NAME = AccentColor;
				CODE_SIGN_STYLE = Automatic;
				CURRENT_PROJECT_VERSION = 1;
				DEVELOPMENT_ASSET_PATHS = "\"Africa/Preview Content\"";
				DEVELOPMENT_TEAM = 7N2TRX73U6;
				ENABLE_PREVIEWS = YES;
				GENERATE_INFOPLIST_FILE = YES;
				INFOPLIST_FILE = Africa/Info.plist;
				INFOPLIST_KEY_UIApplicationSceneManifest_Generation = YES;
				INFOPLIST_KEY_UIApplicationSupportsIndirectInputEvents = YES;
				INFOPLIST_KEY_UISupportedInterfaceOrientations_iPad = "UIInterfaceOrientationPortrait UIInterfaceOrientationPortraitUpsideDown UIInterfaceOrientationLandscapeLeft UIInterfaceOrientationLandscapeRight";
				INFOPLIST_KEY_UISupportedInterfaceOrientations_iPhone = "UIInterfaceOrientationPortrait UIInterfaceOrientationLandscapeLeft UIInterfaceOrientationLandscapeRight";
				INFOPLIST_KEY_UIUserInterfaceStyle = Dark;
				LD_RUNPATH_SEARCH_PATHS = (
					"$(inherited)",
					"@executable_path/Frameworks",
				);
				MARKETING_VERSION = 1.0;
				PRODUCT_BUNDLE_IDENTIFIER = com.calmkeen.Africa;
				PRODUCT_NAME = "$(TARGET_NAME)";
				SWIFT_EMIT_LOC_STRINGS = YES;
				SWIFT_VERSION = 5.0;
				TARGETED_DEVICE_FAMILY = "1,2";
			};
			name = Debug;
		};
		7543E2AE2A062A780034C14C /* Release */ = {
			isa = XCBuildConfiguration;
			buildSettings = {
				ASSETCATALOG_COMPILER_APPICON_NAME = AppIcon;
				ASSETCATALOG_COMPILER_GLOBAL_ACCENT_COLOR_NAME = AccentColor;
				CODE_SIGN_STYLE = Automatic;
				CURRENT_PROJECT_VERSION = 1;
				DEVELOPMENT_ASSET_PATHS = "\"Africa/Preview Content\"";
				DEVELOPMENT_TEAM = 7N2TRX73U6;
				ENABLE_PREVIEWS = YES;
				GENERATE_INFOPLIST_FILE = YES;
				INFOPLIST_FILE = Africa/Info.plist;
				INFOPLIST_KEY_UIApplicationSceneManifest_Generation = YES;
				INFOPLIST_KEY_UIApplicationSupportsIndirectInputEvents = YES;
				INFOPLIST_KEY_UISupportedInterfaceOrientations_iPad = "UIInterfaceOrientationPortrait UIInterfaceOrientationPortraitUpsideDown UIInterfaceOrientationLandscapeLeft UIInterfaceOrientationLandscapeRight";
				INFOPLIST_KEY_UISupportedInterfaceOrientations_iPhone = "UIInterfaceOrientationPortrait UIInterfaceOrientationLandscapeLeft UIInterfaceOrientationLandscapeRight";
				INFOPLIST_KEY_UIUserInterfaceStyle = Dark;
				LD_RUNPATH_SEARCH_PATHS = (
					"$(inherited)",
					"@executable_path/Frameworks",
				);
				MARKETING_VERSION = 1.0;
				PRODUCT_BUNDLE_IDENTIFIER = com.calmkeen.Africa;
				PRODUCT_NAME = "$(TARGET_NAME)";
				SWIFT_EMIT_LOC_STRINGS = YES;
				SWIFT_VERSION = 5.0;
				TARGETED_DEVICE_FAMILY = "1,2";
			};
			name = Release;
		};
/* End XCBuildConfiguration section */

/* Begin XCConfigurationList section */
		7543E2992A062A760034C14C /* Build configuration list for PBXProject "Africa" */ = {
			isa = XCConfigurationList;
			buildConfigurations = (
				7543E2AA2A062A780034C14C /* Debug */,
				7543E2AB2A062A780034C14C /* Release */,
			);
			defaultConfigurationIsVisible = 0;
			defaultConfigurationName = Release;
		};
		7543E2AC2A062A780034C14C /* Build configuration list for PBXNativeTarget "Africa" */ = {
			isa = XCConfigurationList;
			buildConfigurations = (
				7543E2AD2A062A780034C14C /* Debug */,
				7543E2AE2A062A780034C14C /* Release */,
			);
			defaultConfigurationIsVisible = 0;
			defaultConfigurationName = Release;
		};
/* End XCConfigurationList section */
	};
	rootObject = 7543E2962A062A760034C14C /* Project object */;
}
