// !$*UTF8*$!
{
	archiveVersion = 1;
	classes = {
	};
	objectVersion = 56;
	objects = {

/* Begin PBXBuildFile section */
		756B86922AC9483E000AE1BC /* AppDelegate.swift in Sources */ = {isa = PBXBuildFile; fileRef = 756B86912AC9483E000AE1BC /* AppDelegate.swift */; };
		756B86942AC9483E000AE1BC /* SceneDelegate.swift in Sources */ = {isa = PBXBuildFile; fileRef = 756B86932AC9483E000AE1BC /* SceneDelegate.swift */; };
		756B86992AC9483E000AE1BC /* Main.storyboard in Resources */ = {isa = PBXBuildFile; fileRef = 756B86972AC9483E000AE1BC /* Main.storyboard */; };
		756B869B2AC9483F000AE1BC /* Assets.xcassets in Resources */ = {isa = PBXBuildFile; fileRef = 756B869A2AC9483F000AE1BC /* Assets.xcassets */; };
		756B869E2AC9483F000AE1BC /* LaunchScreen.storyboard in Resources */ = {isa = PBXBuildFile; fileRef = 756B869C2AC9483F000AE1BC /* LaunchScreen.storyboard */; };
		756B86A62AC94D1A000AE1BC /* TableViewController.swift in Sources */ = {isa = PBXBuildFile; fileRef = 756B86A52AC94D1A000AE1BC /* TableViewController.swift */; };
		756B86A82AC94D35000AE1BC /* AddTodoListController.swift in Sources */ = {isa = PBXBuildFile; fileRef = 756B86A72AC94D35000AE1BC /* AddTodoListController.swift */; };
		756B86B02ADBDE26000AE1BC /* TodoTableViewCell.swift in Sources */ = {isa = PBXBuildFile; fileRef = 756B86AE2ADBDE26000AE1BC /* TodoTableViewCell.swift */; };
		756B86B12ADBDE26000AE1BC /* TodoTableViewCell.xib in Resources */ = {isa = PBXBuildFile; fileRef = 756B86AF2ADBDE26000AE1BC /* TodoTableViewCell.xib */; };
		756B86EB2B2440A9000AE1BC /* AddTodoListModel.swift in Sources */ = {isa = PBXBuildFile; fileRef = 756B86EA2B2440A9000AE1BC /* AddTodoListModel.swift */; };
		756B86EE2B2446F4000AE1BC /* AddTodoListViewModel.swift in Sources */ = {isa = PBXBuildFile; fileRef = 756B86ED2B2446F4000AE1BC /* AddTodoListViewModel.swift */; };
		756B86F02B244D96000AE1BC /* UIViewController.swift in Sources */ = {isa = PBXBuildFile; fileRef = 756B86EF2B244D96000AE1BC /* UIViewController.swift */; };
		75F3AF502B2EC4FF00CCF4AA /* UserDefault.swift in Sources */ = {isa = PBXBuildFile; fileRef = 75F3AF4F2B2EC4FF00CCF4AA /* UserDefault.swift */; };
/* End PBXBuildFile section */

/* Begin PBXFileReference section */
		756B868E2AC9483E000AE1BC /* TodoList_storyboard.app */ = {isa = PBXFileReference; explicitFileType = wrapper.application; includeInIndex = 0; path = TodoList_storyboard.app; sourceTree = BUILT_PRODUCTS_DIR; };
		756B86912AC9483E000AE1BC /* AppDelegate.swift */ = {isa = PBXFileReference; lastKnownFileType = sourcecode.swift; path = AppDelegate.swift; sourceTree = "<group>"; };
		756B86932AC9483E000AE1BC /* SceneDelegate.swift */ = {isa = PBXFileReference; lastKnownFileType = sourcecode.swift; path = SceneDelegate.swift; sourceTree = "<group>"; };
		756B86982AC9483E000AE1BC /* Base */ = {isa = PBXFileReference; lastKnownFileType = file.storyboard; name = Base; path = Base.lproj/Main.storyboard; sourceTree = "<group>"; };
		756B869A2AC9483F000AE1BC /* Assets.xcassets */ = {isa = PBXFileReference; lastKnownFileType = folder.assetcatalog; path = Assets.xcassets; sourceTree = "<group>"; };
		756B869D2AC9483F000AE1BC /* Base */ = {isa = PBXFileReference; lastKnownFileType = file.storyboard; name = Base; path = Base.lproj/LaunchScreen.storyboard; sourceTree = "<group>"; };
		756B869F2AC9483F000AE1BC /* Info.plist */ = {isa = PBXFileReference; lastKnownFileType = text.plist.xml; path = Info.plist; sourceTree = "<group>"; };
		756B86A52AC94D1A000AE1BC /* TableViewController.swift */ = {isa = PBXFileReference; lastKnownFileType = sourcecode.swift; path = TableViewController.swift; sourceTree = "<group>"; };
		756B86A72AC94D35000AE1BC /* AddTodoListController.swift */ = {isa = PBXFileReference; lastKnownFileType = sourcecode.swift; path = AddTodoListController.swift; sourceTree = "<group>"; };
		756B86AE2ADBDE26000AE1BC /* TodoTableViewCell.swift */ = {isa = PBXFileReference; lastKnownFileType = sourcecode.swift; path = TodoTableViewCell.swift; sourceTree = "<group>"; };
		756B86AF2ADBDE26000AE1BC /* TodoTableViewCell.xib */ = {isa = PBXFileReference; lastKnownFileType = file.xib; path = TodoTableViewCell.xib; sourceTree = "<group>"; };
		756B86EA2B2440A9000AE1BC /* AddTodoListModel.swift */ = {isa = PBXFileReference; lastKnownFileType = sourcecode.swift; path = AddTodoListModel.swift; sourceTree = "<group>"; };
		756B86ED2B2446F4000AE1BC /* AddTodoListViewModel.swift */ = {isa = PBXFileReference; lastKnownFileType = sourcecode.swift; path = AddTodoListViewModel.swift; sourceTree = "<group>"; };
		756B86EF2B244D96000AE1BC /* UIViewController.swift */ = {isa = PBXFileReference; lastKnownFileType = sourcecode.swift; path = UIViewController.swift; sourceTree = "<group>"; };
		75F3AF4F2B2EC4FF00CCF4AA /* UserDefault.swift */ = {isa = PBXFileReference; lastKnownFileType = sourcecode.swift; path = UserDefault.swift; sourceTree = "<group>"; };
/* End PBXFileReference section */

/* Begin PBXFrameworksBuildPhase section */
		756B868B2AC9483E000AE1BC /* Frameworks */ = {
			isa = PBXFrameworksBuildPhase;
			buildActionMask = 2147483647;
			files = (
			);
			runOnlyForDeploymentPostprocessing = 0;
		};
/* End PBXFrameworksBuildPhase section */

/* Begin PBXGroup section */
		756B86852AC9483E000AE1BC = {
			isa = PBXGroup;
			children = (
				756B86902AC9483E000AE1BC /* TodoList_storyboard */,
				756B868F2AC9483E000AE1BC /* Products */,
			);
			sourceTree = "<group>";
		};
		756B868F2AC9483E000AE1BC /* Products */ = {
			isa = PBXGroup;
			children = (
				756B868E2AC9483E000AE1BC /* TodoList_storyboard.app */,
			);
			name = Products;
			sourceTree = "<group>";
		};
		756B86902AC9483E000AE1BC /* TodoList_storyboard */ = {
			isa = PBXGroup;
			children = (
				756B86EC2B2446E0000AE1BC /* ViewModel */,
				756B86E92B244092000AE1BC /* Model */,
				756B86AB2AD3D8EC000AE1BC /* Util */,
				756B86AA2AD3D8D3000AE1BC /* ViewController */,
				756B86A92AD3D8C5000AE1BC /* Resource */,
			);
			path = TodoList_storyboard;
			sourceTree = "<group>";
		};
		756B86A92AD3D8C5000AE1BC /* Resource */ = {
			isa = PBXGroup;
			children = (
				756B869A2AC9483F000AE1BC /* Assets.xcassets */,
				756B869F2AC9483F000AE1BC /* Info.plist */,
				756B86912AC9483E000AE1BC /* AppDelegate.swift */,
				756B86932AC9483E000AE1BC /* SceneDelegate.swift */,
			);
			path = Resource;
			sourceTree = "<group>";
		};
		756B86AA2AD3D8D3000AE1BC /* ViewController */ = {
			isa = PBXGroup;
			children = (
				756B86AD2AD3D8FA000AE1BC /* View */,
				756B86AC2AD3D8F4000AE1BC /* Controller */,
			);
			path = ViewController;
			sourceTree = "<group>";
		};
		756B86AB2AD3D8EC000AE1BC /* Util */ = {
			isa = PBXGroup;
			children = (
				756B86EF2B244D96000AE1BC /* UIViewController.swift */,
				75F3AF4F2B2EC4FF00CCF4AA /* UserDefault.swift */,
			);
			path = Util;
			sourceTree = "<group>";
		};
		756B86AC2AD3D8F4000AE1BC /* Controller */ = {
			isa = PBXGroup;
			children = (
				756B86B92B131E0A000AE1BC /* Cell */,
				756B86A52AC94D1A000AE1BC /* TableViewController.swift */,
				756B86A72AC94D35000AE1BC /* AddTodoListController.swift */,
			);
			path = Controller;
			sourceTree = "<group>";
		};
		756B86AD2AD3D8FA000AE1BC /* View */ = {
			isa = PBXGroup;
			children = (
				756B86972AC9483E000AE1BC /* Main.storyboard */,
				756B869C2AC9483F000AE1BC /* LaunchScreen.storyboard */,
			);
			path = View;
			sourceTree = "<group>";
		};
		756B86B92B131E0A000AE1BC /* Cell */ = {
			isa = PBXGroup;
			children = (
				756B86AE2ADBDE26000AE1BC /* TodoTableViewCell.swift */,
				756B86AF2ADBDE26000AE1BC /* TodoTableViewCell.xib */,
			);
			path = Cell;
			sourceTree = "<group>";
		};
		756B86E92B244092000AE1BC /* Model */ = {
			isa = PBXGroup;
			children = (
				756B86EA2B2440A9000AE1BC /* AddTodoListModel.swift */,
			);
			path = Model;
			sourceTree = "<group>";
		};
		756B86EC2B2446E0000AE1BC /* ViewModel */ = {
			isa = PBXGroup;
			children = (
				756B86ED2B2446F4000AE1BC /* AddTodoListViewModel.swift */,
			);
			path = ViewModel;
			sourceTree = "<group>";
		};
/* End PBXGroup section */

/* Begin PBXNativeTarget section */
		756B868D2AC9483E000AE1BC /* TodoList_storyboard */ = {
			isa = PBXNativeTarget;
			buildConfigurationList = 756B86A22AC9483F000AE1BC /* Build configuration list for PBXNativeTarget "TodoList_storyboard" */;
			buildPhases = (
				756B868A2AC9483E000AE1BC /* Sources */,
				756B868B2AC9483E000AE1BC /* Frameworks */,
				756B868C2AC9483E000AE1BC /* Resources */,
			);
			buildRules = (
			);
			dependencies = (
			);
			name = TodoList_storyboard;
			productName = TodoList_storyboard;
			productReference = 756B868E2AC9483E000AE1BC /* TodoList_storyboard.app */;
			productType = "com.apple.product-type.application";
		};
/* End PBXNativeTarget section */

/* Begin PBXProject section */
		756B86862AC9483E000AE1BC /* Project object */ = {
			isa = PBXProject;
			attributes = {
				BuildIndependentTargetsInParallel = 1;
				LastSwiftUpdateCheck = 1430;
				LastUpgradeCheck = 1430;
				TargetAttributes = {
					756B868D2AC9483E000AE1BC = {
						CreatedOnToolsVersion = 14.3.1;
					};
				};
			};
			buildConfigurationList = 756B86892AC9483E000AE1BC /* Build configuration list for PBXProject "TodoList_storyboard" */;
			compatibilityVersion = "Xcode 14.0";
			developmentRegion = en;
			hasScannedForEncodings = 0;
			knownRegions = (
				en,
				Base,
			);
			mainGroup = 756B86852AC9483E000AE1BC;
			productRefGroup = 756B868F2AC9483E000AE1BC /* Products */;
			projectDirPath = "";
			projectRoot = "";
			targets = (
				756B868D2AC9483E000AE1BC /* TodoList_storyboard */,
			);
		};
/* End PBXProject section */

/* Begin PBXResourcesBuildPhase section */
		756B868C2AC9483E000AE1BC /* Resources */ = {
			isa = PBXResourcesBuildPhase;
			buildActionMask = 2147483647;
			files = (
				756B869E2AC9483F000AE1BC /* LaunchScreen.storyboard in Resources */,
				756B869B2AC9483F000AE1BC /* Assets.xcassets in Resources */,
				756B86992AC9483E000AE1BC /* Main.storyboard in Resources */,
				756B86B12ADBDE26000AE1BC /* TodoTableViewCell.xib in Resources */,
			);
			runOnlyForDeploymentPostprocessing = 0;
		};
/* End PBXResourcesBuildPhase section */

/* Begin PBXSourcesBuildPhase section */
		756B868A2AC9483E000AE1BC /* Sources */ = {
			isa = PBXSourcesBuildPhase;
			buildActionMask = 2147483647;
			files = (
				756B86A82AC94D35000AE1BC /* AddTodoListController.swift in Sources */,
				756B86A62AC94D1A000AE1BC /* TableViewController.swift in Sources */,
				756B86B02ADBDE26000AE1BC /* TodoTableViewCell.swift in Sources */,
				756B86922AC9483E000AE1BC /* AppDelegate.swift in Sources */,
				756B86942AC9483E000AE1BC /* SceneDelegate.swift in Sources */,
				75F3AF502B2EC4FF00CCF4AA /* UserDefault.swift in Sources */,
				756B86EE2B2446F4000AE1BC /* AddTodoListViewModel.swift in Sources */,
				756B86F02B244D96000AE1BC /* UIViewController.swift in Sources */,
				756B86EB2B2440A9000AE1BC /* AddTodoListModel.swift in Sources */,
			);
			runOnlyForDeploymentPostprocessing = 0;
		};
/* End PBXSourcesBuildPhase section */

/* Begin PBXVariantGroup section */
		756B86972AC9483E000AE1BC /* Main.storyboard */ = {
			isa = PBXVariantGroup;
			children = (
				756B86982AC9483E000AE1BC /* Base */,
			);
			name = Main.storyboard;
			sourceTree = "<group>";
		};
		756B869C2AC9483F000AE1BC /* LaunchScreen.storyboard */ = {
			isa = PBXVariantGroup;
			children = (
				756B869D2AC9483F000AE1BC /* Base */,
			);
			name = LaunchScreen.storyboard;
			sourceTree = "<group>";
		};
/* End PBXVariantGroup section */

/* Begin XCBuildConfiguration section */
		756B86A02AC9483F000AE1BC /* Debug */ = {
			isa = XCBuildConfiguration;
			buildSettings = {
				ALWAYS_SEARCH_USER_PATHS = NO;
				CLANG_ANALYZER_NONNULL = YES;
				CLANG_ANALYZER_NUMBER_OBJECT_CONVERSION = YES_AGGRESSIVE;
				CLANG_CXX_LANGUAGE_STANDARD = "gnu++20";
				CLANG_ENABLE_MODULES = YES;
				CLANG_ENABLE_OBJC_ARC = YES;
				CLANG_ENABLE_OBJC_WEAK = YES;
				CLANG_WARN_BLOCK_CAPTURE_AUTORELEASING = YES;
				CLANG_WARN_BOOL_CONVERSION = YES;
				CLANG_WARN_COMMA = YES;
				CLANG_WARN_CONSTANT_CONVERSION = YES;
				CLANG_WARN_DEPRECATED_OBJC_IMPLEMENTATIONS = YES;
				CLANG_WARN_DIRECT_OBJC_ISA_USAGE = YES_ERROR;
				CLANG_WARN_DOCUMENTATION_COMMENTS = YES;
				CLANG_WARN_EMPTY_BODY = YES;
				CLANG_WARN_ENUM_CONVERSION = YES;
				CLANG_WARN_INFINITE_RECURSION = YES;
				CLANG_WARN_INT_CONVERSION = YES;
				CLANG_WARN_NON_LITERAL_NULL_CONVERSION = YES;
				CLANG_WARN_OBJC_IMPLICIT_RETAIN_SELF = YES;
				CLANG_WARN_OBJC_LITERAL_CONVERSION = YES;
				CLANG_WARN_OBJC_ROOT_CLASS = YES_ERROR;
				CLANG_WARN_QUOTED_INCLUDE_IN_FRAMEWORK_HEADER = YES;
				CLANG_WARN_RANGE_LOOP_ANALYSIS = YES;
				CLANG_WARN_STRICT_PROTOTYPES = YES;
				CLANG_WARN_SUSPICIOUS_MOVE = YES;
				CLANG_WARN_UNGUARDED_AVAILABILITY = YES_AGGRESSIVE;
				CLANG_WARN_UNREACHABLE_CODE = YES;
				CLANG_WARN__DUPLICATE_METHOD_MATCH = YES;
				COPY_PHASE_STRIP = NO;
				DEBUG_INFORMATION_FORMAT = dwarf;
				ENABLE_STRICT_OBJC_MSGSEND = YES;
				ENABLE_TESTABILITY = YES;
				GCC_C_LANGUAGE_STANDARD = gnu11;
				GCC_DYNAMIC_NO_PIC = NO;
				GCC_NO_COMMON_BLOCKS = YES;
				GCC_OPTIMIZATION_LEVEL = 0;
				GCC_PREPROCESSOR_DEFINITIONS = (
					"DEBUG=1",
					"$(inherited)",
				);
				GCC_WARN_64_TO_32_BIT_CONVERSION = YES;
				GCC_WARN_ABOUT_RETURN_TYPE = YES_ERROR;
				GCC_WARN_UNDECLARED_SELECTOR = YES;
				GCC_WARN_UNINITIALIZED_AUTOS = YES_AGGRESSIVE;
				GCC_WARN_UNUSED_FUNCTION = YES;
				GCC_WARN_UNUSED_VARIABLE = YES;
				IPHONEOS_DEPLOYMENT_TARGET = 16.4;
				MTL_ENABLE_DEBUG_INFO = INCLUDE_SOURCE;
				MTL_FAST_MATH = YES;
				ONLY_ACTIVE_ARCH = YES;
				SDKROOT = iphoneos;
				SWIFT_ACTIVE_COMPILATION_CONDITIONS = DEBUG;
				SWIFT_OPTIMIZATION_LEVEL = "-Onone";
			};
			name = Debug;
		};
		756B86A12AC9483F000AE1BC /* Release */ = {
			isa = XCBuildConfiguration;
			buildSettings = {
				ALWAYS_SEARCH_USER_PATHS = NO;
				CLANG_ANALYZER_NONNULL = YES;
				CLANG_ANALYZER_NUMBER_OBJECT_CONVERSION = YES_AGGRESSIVE;
				CLANG_CXX_LANGUAGE_STANDARD = "gnu++20";
				CLANG_ENABLE_MODULES = YES;
				CLANG_ENABLE_OBJC_ARC = YES;
				CLANG_ENABLE_OBJC_WEAK = YES;
				CLANG_WARN_BLOCK_CAPTURE_AUTORELEASING = YES;
				CLANG_WARN_BOOL_CONVERSION = YES;
				CLANG_WARN_COMMA = YES;
				CLANG_WARN_CONSTANT_CONVERSION = YES;
				CLANG_WARN_DEPRECATED_OBJC_IMPLEMENTATIONS = YES;
				CLANG_WARN_DIRECT_OBJC_ISA_USAGE = YES_ERROR;
				CLANG_WARN_DOCUMENTATION_COMMENTS = YES;
				CLANG_WARN_EMPTY_BODY = YES;
				CLANG_WARN_ENUM_CONVERSION = YES;
				CLANG_WARN_INFINITE_RECURSION = YES;
				CLANG_WARN_INT_CONVERSION = YES;
				CLANG_WARN_NON_LITERAL_NULL_CONVERSION = YES;
				CLANG_WARN_OBJC_IMPLICIT_RETAIN_SELF = YES;
				CLANG_WARN_OBJC_LITERAL_CONVERSION = YES;
				CLANG_WARN_OBJC_ROOT_CLASS = YES_ERROR;
				CLANG_WARN_QUOTED_INCLUDE_IN_FRAMEWORK_HEADER = YES;
				CLANG_WARN_RANGE_LOOP_ANALYSIS = YES;
				CLANG_WARN_STRICT_PROTOTYPES = YES;
				CLANG_WARN_SUSPICIOUS_MOVE = YES;
				CLANG_WARN_UNGUARDED_AVAILABILITY = YES_AGGRESSIVE;
				CLANG_WARN_UNREACHABLE_CODE = YES;
				CLANG_WARN__DUPLICATE_METHOD_MATCH = YES;
				COPY_PHASE_STRIP = NO;
				DEBUG_INFORMATION_FORMAT = "dwarf-with-dsym";
				ENABLE_NS_ASSERTIONS = NO;
				ENABLE_STRICT_OBJC_MSGSEND = YES;
				GCC_C_LANGUAGE_STANDARD = gnu11;
				GCC_NO_COMMON_BLOCKS = YES;
				GCC_WARN_64_TO_32_BIT_CONVERSION = YES;
				GCC_WARN_ABOUT_RETURN_TYPE = YES_ERROR;
				GCC_WARN_UNDECLARED_SELECTOR = YES;
				GCC_WARN_UNINITIALIZED_AUTOS = YES_AGGRESSIVE;
				GCC_WARN_UNUSED_FUNCTION = YES;
				GCC_WARN_UNUSED_VARIABLE = YES;
				IPHONEOS_DEPLOYMENT_TARGET = 16.4;
				MTL_ENABLE_DEBUG_INFO = NO;
				MTL_FAST_MATH = YES;
				SDKROOT = iphoneos;
				SWIFT_COMPILATION_MODE = wholemodule;
				SWIFT_OPTIMIZATION_LEVEL = "-O";
				VALIDATE_PRODUCT = YES;
			};
			name = Release;
		};
		756B86A32AC9483F000AE1BC /* Debug */ = {
			isa = XCBuildConfiguration;
			buildSettings = {
				ASSETCATALOG_COMPILER_APPICON_NAME = AppIcon;
				ASSETCATALOG_COMPILER_GLOBAL_ACCENT_COLOR_NAME = AccentColor;
				CODE_SIGN_STYLE = Automatic;
				CURRENT_PROJECT_VERSION = 1;
				DEVELOPMENT_TEAM = 7N2TRX73U6;
				GENERATE_INFOPLIST_FILE = YES;
				INFOPLIST_FILE = TodoList_storyboard/Resource/Info.plist;
				INFOPLIST_KEY_UIApplicationSupportsIndirectInputEvents = YES;
				INFOPLIST_KEY_UILaunchStoryboardName = LaunchScreen;
				INFOPLIST_KEY_UIMainStoryboardFile = Main;
				INFOPLIST_KEY_UISupportedInterfaceOrientations_iPad = "UIInterfaceOrientationPortrait UIInterfaceOrientationPortraitUpsideDown UIInterfaceOrientationLandscapeLeft UIInterfaceOrientationLandscapeRight";
				INFOPLIST_KEY_UISupportedInterfaceOrientations_iPhone = "UIInterfaceOrientationPortrait UIInterfaceOrientationLandscapeLeft UIInterfaceOrientationLandscapeRight";
				LD_RUNPATH_SEARCH_PATHS = (
					"$(inherited)",
					"@executable_path/Frameworks",
				);
				MARKETING_VERSION = 1.0;
				PRODUCT_BUNDLE_IDENTIFIER = "com.calmkeen.TodoList-storyboard";
				PRODUCT_NAME = "$(TARGET_NAME)";
				SWIFT_EMIT_LOC_STRINGS = YES;
				SWIFT_VERSION = 5.0;
				TARGETED_DEVICE_FAMILY = "1,2";
			};
			name = Debug;
		};
		756B86A42AC9483F000AE1BC /* Release */ = {
			isa = XCBuildConfiguration;
			buildSettings = {
				ASSETCATALOG_COMPILER_APPICON_NAME = AppIcon;
				ASSETCATALOG_COMPILER_GLOBAL_ACCENT_COLOR_NAME = AccentColor;
				CODE_SIGN_STYLE = Automatic;
				CURRENT_PROJECT_VERSION = 1;
				DEVELOPMENT_TEAM = 7N2TRX73U6;
				GENERATE_INFOPLIST_FILE = YES;
				INFOPLIST_FILE = TodoList_storyboard/Resource/Info.plist;
				INFOPLIST_KEY_UIApplicationSupportsIndirectInputEvents = YES;
				INFOPLIST_KEY_UILaunchStoryboardName = LaunchScreen;
				INFOPLIST_KEY_UIMainStoryboardFile = Main;
				INFOPLIST_KEY_UISupportedInterfaceOrientations_iPad = "UIInterfaceOrientationPortrait UIInterfaceOrientationPortraitUpsideDown UIInterfaceOrientationLandscapeLeft UIInterfaceOrientationLandscapeRight";
				INFOPLIST_KEY_UISupportedInterfaceOrientations_iPhone = "UIInterfaceOrientationPortrait UIInterfaceOrientationLandscapeLeft UIInterfaceOrientationLandscapeRight";
				LD_RUNPATH_SEARCH_PATHS = (
					"$(inherited)",
					"@executable_path/Frameworks",
				);
				MARKETING_VERSION = 1.0;
				PRODUCT_BUNDLE_IDENTIFIER = "com.calmkeen.TodoList-storyboard";
				PRODUCT_NAME = "$(TARGET_NAME)";
				SWIFT_EMIT_LOC_STRINGS = YES;
				SWIFT_VERSION = 5.0;
				TARGETED_DEVICE_FAMILY = "1,2";
			};
			name = Release;
		};
/* End XCBuildConfiguration section */

/* Begin XCConfigurationList section */
		756B86892AC9483E000AE1BC /* Build configuration list for PBXProject "TodoList_storyboard" */ = {
			isa = XCConfigurationList;
			buildConfigurations = (
				756B86A02AC9483F000AE1BC /* Debug */,
				756B86A12AC9483F000AE1BC /* Release */,
			);
			defaultConfigurationIsVisible = 0;
			defaultConfigurationName = Release;
		};
		756B86A22AC9483F000AE1BC /* Build configuration list for PBXNativeTarget "TodoList_storyboard" */ = {
			isa = XCConfigurationList;
			buildConfigurations = (
				756B86A32AC9483F000AE1BC /* Debug */,
				756B86A42AC9483F000AE1BC /* Release */,
			);
			defaultConfigurationIsVisible = 0;
			defaultConfigurationName = Release;
		};
/* End XCConfigurationList section */
	};
	rootObject = 756B86862AC9483E000AE1BC /* Project object */;
}
